
Microsoft Visual Studio Solution File, Format Version 12.00
# Visual Studio 15
VisualStudioVersion = 15.0.26730.16
MinimumVisualStudioVersion = 10.0.40219.1
Project("{2150E333-8FDC-42A3-9474-1A3956D46DE8}") = "Models", "Models", "{539AB1D8-B007-4CB6-8355-918D498486E2}"
EndProject
Project("{2150E333-8FDC-42A3-9474-1A3956D46DE8}") = "Spikes", "Spikes", "{9E576324-96E4-4582-B5DB-00B0F77D18CB}"
EndProject
Project("{2150E333-8FDC-42A3-9474-1A3956D46DE8}") = "Functions", "Functions", "{4845DECB-A618-4EAE-A8A6-4F0AEBC2DE3B}"
EndProject
Project("{FAE04EC0-301F-11D3-BF4B-00C04F79EFBC}") = "Allocations.Models.Framework", "Models\Allocations.Models.Framework\Allocations.Models.Framework.csproj", "{BBCBEFEF-A2CD-411F-8EB6-B305AB261767}"
EndProject
Project("{2150E333-8FDC-42A3-9474-1A3956D46DE8}") = "Solution Items", "Solution Items", "{49BE3153-121F-4DD5-BEDD-ED4D8E0BDEF7}"
	ProjectSection(SolutionItems) = preProject
		Readme.md = Readme.md
	EndProjectSection
EndProject
Project("{9A19103F-16F7-4668-BE54-9A1E7A4F7556}") = "Allocations.Functions.Engine", "Functions\Allocations.Functions.Engine\Allocations.Functions.Engine.csproj", "{9AAB73BB-47B5-400C-98A5-C9899B2EAD4C}"
EndProject
Project("{FAE04EC0-301F-11D3-BF4B-00C04F79EFBC}") = "EndToEndDemo", "Spikes\EndToEndDemo\EndToEndDemo.csproj", "{984EBD17-959E-4383-9F6A-46A736BB99CA}"
EndProject
Project("{2150E333-8FDC-42A3-9474-1A3956D46DE8}") = "Common", "Common", "{05B79C3B-E1CD-4A38-A21E-9127CAB0B636}"
EndProject
Project("{FAE04EC0-301F-11D3-BF4B-00C04F79EFBC}") = "Allocations.Respository", "Common\Allocations.Respository\Allocations.Respository.csproj", "{E6F1A404-839B-4766-B2AE-8BD8047B0B5D}"
EndProject
Project("{9A19103F-16F7-4668-BE54-9A1E7A4F7556}") = "Allocations.Functions.AllocationModels", "Functions\Allocations.Functions.AllocationModels\Allocations.Functions.AllocationModels.csproj", "{377DFCA6-826F-4076-93FC-4F638889407C}"
EndProject
Project("{9A19103F-16F7-4668-BE54-9A1E7A4F7556}") = "Allocations.Functions.Allocations", "Functions\Allocations.Functions.Allocations\Allocations.Functions.Allocations.csproj", "{55A9D911-2909-4D9F-8EE4-481789C720F6}"
EndProject
Project("{9A19103F-16F7-4668-BE54-9A1E7A4F7556}") = "Allocations.Functions.Datasets", "Functions\Allocations.Functions.Datasets\Allocations.Functions.Datasets.csproj", "{E9A8E3EA-2320-45CB-8948-1F2D6F6BF9E7}"
EndProject
Project("{F184B08F-C81C-45F6-A57F-5ABD9991F28F}") = "AY1718.VisualBasic", "Models\AY1718.VisualBasic\AY1718.VisualBasic.vbproj", "{A231E700-00BE-4A33-88CD-441E889BBA68}"
EndProject
Project("{FAE04EC0-301F-11D3-BF4B-00C04F79EFBC}") = "AY1718.CSharp", "Models\AY1718.CSharp\AY1718.CSharp.csproj", "{23874365-0F52-42AC-9083-30639D922F26}"
EndProject
Global
	GlobalSection(SolutionConfigurationPlatforms) = preSolution
		Debug|Any CPU = Debug|Any CPU
		Release|Any CPU = Release|Any CPU
	EndGlobalSection
	GlobalSection(ProjectConfigurationPlatforms) = postSolution
		{BBCBEFEF-A2CD-411F-8EB6-B305AB261767}.Debug|Any CPU.ActiveCfg = Debug|Any CPU
		{BBCBEFEF-A2CD-411F-8EB6-B305AB261767}.Debug|Any CPU.Build.0 = Debug|Any CPU
		{BBCBEFEF-A2CD-411F-8EB6-B305AB261767}.Release|Any CPU.ActiveCfg = Release|Any CPU
		{BBCBEFEF-A2CD-411F-8EB6-B305AB261767}.Release|Any CPU.Build.0 = Release|Any CPU
		{9AAB73BB-47B5-400C-98A5-C9899B2EAD4C}.Debug|Any CPU.ActiveCfg = Debug|Any CPU
		{9AAB73BB-47B5-400C-98A5-C9899B2EAD4C}.Debug|Any CPU.Build.0 = Debug|Any CPU
		{9AAB73BB-47B5-400C-98A5-C9899B2EAD4C}.Release|Any CPU.ActiveCfg = Release|Any CPU
		{9AAB73BB-47B5-400C-98A5-C9899B2EAD4C}.Release|Any CPU.Build.0 = Release|Any CPU
		{984EBD17-959E-4383-9F6A-46A736BB99CA}.Debug|Any CPU.ActiveCfg = Debug|Any CPU
		{984EBD17-959E-4383-9F6A-46A736BB99CA}.Debug|Any CPU.Build.0 = Debug|Any CPU
		{984EBD17-959E-4383-9F6A-46A736BB99CA}.Release|Any CPU.ActiveCfg = Release|Any CPU
		{984EBD17-959E-4383-9F6A-46A736BB99CA}.Release|Any CPU.Build.0 = Release|Any CPU
		{E6F1A404-839B-4766-B2AE-8BD8047B0B5D}.Debug|Any CPU.ActiveCfg = Debug|Any CPU
		{E6F1A404-839B-4766-B2AE-8BD8047B0B5D}.Debug|Any CPU.Build.0 = Debug|Any CPU
		{E6F1A404-839B-4766-B2AE-8BD8047B0B5D}.Release|Any CPU.ActiveCfg = Release|Any CPU
		{E6F1A404-839B-4766-B2AE-8BD8047B0B5D}.Release|Any CPU.Build.0 = Release|Any CPU
		{377DFCA6-826F-4076-93FC-4F638889407C}.Debug|Any CPU.ActiveCfg = Debug|Any CPU
		{377DFCA6-826F-4076-93FC-4F638889407C}.Debug|Any CPU.Build.0 = Debug|Any CPU
		{377DFCA6-826F-4076-93FC-4F638889407C}.Release|Any CPU.ActiveCfg = Release|Any CPU
		{377DFCA6-826F-4076-93FC-4F638889407C}.Release|Any CPU.Build.0 = Release|Any CPU
		{55A9D911-2909-4D9F-8EE4-481789C720F6}.Debug|Any CPU.ActiveCfg = Debug|Any CPU
		{55A9D911-2909-4D9F-8EE4-481789C720F6}.Debug|Any CPU.Build.0 = Debug|Any CPU
		{55A9D911-2909-4D9F-8EE4-481789C720F6}.Release|Any CPU.ActiveCfg = Release|Any CPU
		{55A9D911-2909-4D9F-8EE4-481789C720F6}.Release|Any CPU.Build.0 = Release|Any CPU
		{E9A8E3EA-2320-45CB-8948-1F2D6F6BF9E7}.Debug|Any CPU.ActiveCfg = Debug|Any CPU
		{E9A8E3EA-2320-45CB-8948-1F2D6F6BF9E7}.Debug|Any CPU.Build.0 = Debug|Any CPU
		{E9A8E3EA-2320-45CB-8948-1F2D6F6BF9E7}.Release|Any CPU.ActiveCfg = Release|Any CPU
		{E9A8E3EA-2320-45CB-8948-1F2D6F6BF9E7}.Release|Any CPU.Build.0 = Release|Any CPU
		{A231E700-00BE-4A33-88CD-441E889BBA68}.Debug|Any CPU.ActiveCfg = Debug|Any CPU
		{A231E700-00BE-4A33-88CD-441E889BBA68}.Debug|Any CPU.Build.0 = Debug|Any CPU
		{A231E700-00BE-4A33-88CD-441E889BBA68}.Release|Any CPU.ActiveCfg = Release|Any CPU
		{A231E700-00BE-4A33-88CD-441E889BBA68}.Release|Any CPU.Build.0 = Release|Any CPU
		{23874365-0F52-42AC-9083-30639D922F26}.Debug|Any CPU.ActiveCfg = Debug|Any CPU
		{23874365-0F52-42AC-9083-30639D922F26}.Debug|Any CPU.Build.0 = Debug|Any CPU
		{23874365-0F52-42AC-9083-30639D922F26}.Release|Any CPU.ActiveCfg = Release|Any CPU
		{23874365-0F52-42AC-9083-30639D922F26}.Release|Any CPU.Build.0 = Release|Any CPU
	EndGlobalSection
	GlobalSection(SolutionProperties) = preSolution
		HideSolutionNode = FALSE
	EndGlobalSection
	GlobalSection(NestedProjects) = preSolution
		{BBCBEFEF-A2CD-411F-8EB6-B305AB261767} = {539AB1D8-B007-4CB6-8355-918D498486E2}
		{9AAB73BB-47B5-400C-98A5-C9899B2EAD4C} = {4845DECB-A618-4EAE-A8A6-4F0AEBC2DE3B}
		{984EBD17-959E-4383-9F6A-46A736BB99CA} = {9E576324-96E4-4582-B5DB-00B0F77D18CB}
		{E6F1A404-839B-4766-B2AE-8BD8047B0B5D} = {05B79C3B-E1CD-4A38-A21E-9127CAB0B636}
		{377DFCA6-826F-4076-93FC-4F638889407C} = {4845DECB-A618-4EAE-A8A6-4F0AEBC2DE3B}
		{55A9D911-2909-4D9F-8EE4-481789C720F6} = {4845DECB-A618-4EAE-A8A6-4F0AEBC2DE3B}
		{E9A8E3EA-2320-45CB-8948-1F2D6F6BF9E7} = {4845DECB-A618-4EAE-A8A6-4F0AEBC2DE3B}
		{A231E700-00BE-4A33-88CD-441E889BBA68} = {539AB1D8-B007-4CB6-8355-918D498486E2}
		{23874365-0F52-42AC-9083-30639D922F26} = {539AB1D8-B007-4CB6-8355-918D498486E2}
	EndGlobalSection
	GlobalSection(ExtensibilityGlobals) = postSolution
		SolutionGuid = {2FA36A0A-CA20-41CF-9BC2-FA6545720009}
	EndGlobalSection
EndGlobal
