
Microsoft Visual Studio Solution File, Format Version 12.00
# Visual Studio 15
VisualStudioVersion = 15.0.26730.16
MinimumVisualStudioVersion = 10.0.40219.1
Project("{2150E333-8FDC-42A3-9474-1A3956D46DE8}") = "Models", "Models", "{539AB1D8-B007-4CB6-8355-918D498486E2}"
EndProject
Project("{2150E333-8FDC-42A3-9474-1A3956D46DE8}") = "Spikes", "Spikes", "{9E576324-96E4-4582-B5DB-00B0F77D18CB}"
EndProject
Project("{2150E333-8FDC-42A3-9474-1A3956D46DE8}") = "Functions", "Functions", "{4845DECB-A618-4EAE-A8A6-4F0AEBC2DE3B}"
EndProject
Project("{2150E333-8FDC-42A3-9474-1A3956D46DE8}") = "Solution Items", "Solution Items", "{49BE3153-121F-4DD5-BEDD-ED4D8E0BDEF7}"
	ProjectSection(SolutionItems) = preProject
		Readme.md = Readme.md
	EndProjectSection
EndProject
Project("{9A19103F-16F7-4668-BE54-9A1E7A4F7556}") = "Allocations.Functions.Engine", "Functions\Allocations.Functions.Engine\Allocations.Functions.Engine.csproj", "{9AAB73BB-47B5-400C-98A5-C9899B2EAD4C}"
EndProject
Project("{FAE04EC0-301F-11D3-BF4B-00C04F79EFBC}") = "EndToEndDemo", "Spikes\EndToEndDemo\EndToEndDemo.csproj", "{984EBD17-959E-4383-9F6A-46A736BB99CA}"
EndProject
Project("{2150E333-8FDC-42A3-9474-1A3956D46DE8}") = "Common", "Common", "{05B79C3B-E1CD-4A38-A21E-9127CAB0B636}"
EndProject
Project("{9A19103F-16F7-4668-BE54-9A1E7A4F7556}") = "Allocations.Functions.Datasets", "Functions\Allocations.Functions.Datasets\Allocations.Functions.Datasets.csproj", "{E9A8E3EA-2320-45CB-8948-1F2D6F6BF9E7}"
EndProject
Project("{9A19103F-16F7-4668-BE54-9A1E7A4F7556}") = "Allocations.Functions.Specs", "Functions\Allocations.Functions.Specs\Allocations.Functions.Specs.csproj", "{8AD02380-06D8-4CC0-B9FC-FAA985A2CE7F}"
EndProject
Project("{9A19103F-16F7-4668-BE54-9A1E7A4F7556}") = "Allocations.Functions.Results", "Functions\Allocations.Functions.Results\Allocations.Functions.Results.csproj", "{DD800469-A354-419D-9034-775AD5897AF8}"
EndProject
Project("{2150E333-8FDC-42A3-9474-1A3956D46DE8}") = "Services", "Services", "{B684F41D-5064-4DAB-AFFB-B8EC0028E372}"
EndProject
Project("{FAE04EC0-301F-11D3-BF4B-00C04F79EFBC}") = "Allocations.Services.DataImporter", "Services\Allocations.Services.DataImporter\Allocations.Services.DataImporter.csproj", "{74FB279B-4DBD-43F9-82B3-3BDCEBF7F590}"
EndProject
Project("{FAE04EC0-301F-11D3-BF4B-00C04F79EFBC}") = "Allocations.Services.TestRunner", "Services\Allocations.Services.TestRunner\Allocations.Services.TestRunner.csproj", "{E1FD553D-9D2C-4DCA-BD3B-4A261CB57FDF}"
EndProject
Project("{FAE04EC0-301F-11D3-BF4B-00C04F79EFBC}") = "Allocations.Repository", "Common\Allocations.Repository\Allocations.Repository.csproj", "{CAF743CF-A061-4B51-91FF-4253596B91E5}"
EndProject
Project("{FAE04EC0-301F-11D3-BF4B-00C04F79EFBC}") = "Allocations.Boostrapper", "Common\Allocations.Bootstrapper\Allocations.Boostrapper.csproj", "{7C519EF0-58FE-4313-870D-E3ABD41F629D}"
EndProject
Project("{FAE04EC0-301F-11D3-BF4B-00C04F79EFBC}") = "Allocations.Services.Calculator", "Services\Allocations.Services.Calculator\Allocations.Services.Calculator.csproj", "{406DBFC9-A5F9-4A89-87CE-A0334A2CFE47}"
EndProject
Project("{FAE04EC0-301F-11D3-BF4B-00C04F79EFBC}") = "Allocations.Services.Compiler", "Services\Allocations.Services.Compiler\Allocations.Services.Compiler.csproj", "{DFD4D355-AD02-4F14-9D44-94C138895598}"
EndProject
Project("{F184B08F-C81C-45F6-A57F-5ABD9991F28F}") = "VBScratchpad", "Spikes\VBScratchpad\VBScratchpad.vbproj", "{929F9015-E4A3-4284-88D7-7F1733A8F69B}"
EndProject
Project("{FAE04EC0-301F-11D3-BF4B-00C04F79EFBC}") = "CalculateFunding.Models", "CalculateFunding.Models\CalculateFunding.Models.csproj", "{CE0CCEE7-E45A-45B2-B2E0-EE65CA986873}"
EndProject
Global
	GlobalSection(SolutionConfigurationPlatforms) = preSolution
		Debug|Any CPU = Debug|Any CPU
		Release|Any CPU = Release|Any CPU
	EndGlobalSection
	GlobalSection(ProjectConfigurationPlatforms) = postSolution
		{9AAB73BB-47B5-400C-98A5-C9899B2EAD4C}.Debug|Any CPU.ActiveCfg = Debug|Any CPU
		{9AAB73BB-47B5-400C-98A5-C9899B2EAD4C}.Debug|Any CPU.Build.0 = Debug|Any CPU
		{9AAB73BB-47B5-400C-98A5-C9899B2EAD4C}.Release|Any CPU.ActiveCfg = Release|Any CPU
		{9AAB73BB-47B5-400C-98A5-C9899B2EAD4C}.Release|Any CPU.Build.0 = Release|Any CPU
		{984EBD17-959E-4383-9F6A-46A736BB99CA}.Debug|Any CPU.ActiveCfg = Debug|Any CPU
		{984EBD17-959E-4383-9F6A-46A736BB99CA}.Debug|Any CPU.Build.0 = Debug|Any CPU
		{984EBD17-959E-4383-9F6A-46A736BB99CA}.Release|Any CPU.ActiveCfg = Release|Any CPU
		{984EBD17-959E-4383-9F6A-46A736BB99CA}.Release|Any CPU.Build.0 = Release|Any CPU
		{E9A8E3EA-2320-45CB-8948-1F2D6F6BF9E7}.Debug|Any CPU.ActiveCfg = Debug|Any CPU
		{E9A8E3EA-2320-45CB-8948-1F2D6F6BF9E7}.Debug|Any CPU.Build.0 = Debug|Any CPU
		{E9A8E3EA-2320-45CB-8948-1F2D6F6BF9E7}.Release|Any CPU.ActiveCfg = Release|Any CPU
		{E9A8E3EA-2320-45CB-8948-1F2D6F6BF9E7}.Release|Any CPU.Build.0 = Release|Any CPU
		{8AD02380-06D8-4CC0-B9FC-FAA985A2CE7F}.Debug|Any CPU.ActiveCfg = Debug|Any CPU
		{8AD02380-06D8-4CC0-B9FC-FAA985A2CE7F}.Debug|Any CPU.Build.0 = Debug|Any CPU
		{8AD02380-06D8-4CC0-B9FC-FAA985A2CE7F}.Release|Any CPU.ActiveCfg = Release|Any CPU
		{8AD02380-06D8-4CC0-B9FC-FAA985A2CE7F}.Release|Any CPU.Build.0 = Release|Any CPU
		{DD800469-A354-419D-9034-775AD5897AF8}.Debug|Any CPU.ActiveCfg = Debug|Any CPU
		{DD800469-A354-419D-9034-775AD5897AF8}.Debug|Any CPU.Build.0 = Debug|Any CPU
		{DD800469-A354-419D-9034-775AD5897AF8}.Release|Any CPU.ActiveCfg = Release|Any CPU
		{DD800469-A354-419D-9034-775AD5897AF8}.Release|Any CPU.Build.0 = Release|Any CPU
		{74FB279B-4DBD-43F9-82B3-3BDCEBF7F590}.Debug|Any CPU.ActiveCfg = Debug|Any CPU
		{74FB279B-4DBD-43F9-82B3-3BDCEBF7F590}.Debug|Any CPU.Build.0 = Debug|Any CPU
		{74FB279B-4DBD-43F9-82B3-3BDCEBF7F590}.Release|Any CPU.ActiveCfg = Release|Any CPU
		{74FB279B-4DBD-43F9-82B3-3BDCEBF7F590}.Release|Any CPU.Build.0 = Release|Any CPU
		{E1FD553D-9D2C-4DCA-BD3B-4A261CB57FDF}.Debug|Any CPU.ActiveCfg = Debug|Any CPU
		{E1FD553D-9D2C-4DCA-BD3B-4A261CB57FDF}.Debug|Any CPU.Build.0 = Debug|Any CPU
		{E1FD553D-9D2C-4DCA-BD3B-4A261CB57FDF}.Release|Any CPU.ActiveCfg = Release|Any CPU
		{E1FD553D-9D2C-4DCA-BD3B-4A261CB57FDF}.Release|Any CPU.Build.0 = Release|Any CPU
		{CAF743CF-A061-4B51-91FF-4253596B91E5}.Debug|Any CPU.ActiveCfg = Debug|Any CPU
		{CAF743CF-A061-4B51-91FF-4253596B91E5}.Debug|Any CPU.Build.0 = Debug|Any CPU
		{CAF743CF-A061-4B51-91FF-4253596B91E5}.Release|Any CPU.ActiveCfg = Release|Any CPU
		{CAF743CF-A061-4B51-91FF-4253596B91E5}.Release|Any CPU.Build.0 = Release|Any CPU
		{7C519EF0-58FE-4313-870D-E3ABD41F629D}.Debug|Any CPU.ActiveCfg = Debug|Any CPU
		{7C519EF0-58FE-4313-870D-E3ABD41F629D}.Debug|Any CPU.Build.0 = Debug|Any CPU
		{7C519EF0-58FE-4313-870D-E3ABD41F629D}.Release|Any CPU.ActiveCfg = Release|Any CPU
		{7C519EF0-58FE-4313-870D-E3ABD41F629D}.Release|Any CPU.Build.0 = Release|Any CPU
		{406DBFC9-A5F9-4A89-87CE-A0334A2CFE47}.Debug|Any CPU.ActiveCfg = Debug|Any CPU
		{406DBFC9-A5F9-4A89-87CE-A0334A2CFE47}.Debug|Any CPU.Build.0 = Debug|Any CPU
		{406DBFC9-A5F9-4A89-87CE-A0334A2CFE47}.Release|Any CPU.ActiveCfg = Release|Any CPU
		{406DBFC9-A5F9-4A89-87CE-A0334A2CFE47}.Release|Any CPU.Build.0 = Release|Any CPU
		{DFD4D355-AD02-4F14-9D44-94C138895598}.Debug|Any CPU.ActiveCfg = Debug|Any CPU
		{DFD4D355-AD02-4F14-9D44-94C138895598}.Debug|Any CPU.Build.0 = Debug|Any CPU
		{DFD4D355-AD02-4F14-9D44-94C138895598}.Release|Any CPU.ActiveCfg = Release|Any CPU
		{DFD4D355-AD02-4F14-9D44-94C138895598}.Release|Any CPU.Build.0 = Release|Any CPU
		{929F9015-E4A3-4284-88D7-7F1733A8F69B}.Debug|Any CPU.ActiveCfg = Debug|Any CPU
		{929F9015-E4A3-4284-88D7-7F1733A8F69B}.Debug|Any CPU.Build.0 = Debug|Any CPU
		{929F9015-E4A3-4284-88D7-7F1733A8F69B}.Release|Any CPU.ActiveCfg = Release|Any CPU
		{929F9015-E4A3-4284-88D7-7F1733A8F69B}.Release|Any CPU.Build.0 = Release|Any CPU
		{CE0CCEE7-E45A-45B2-B2E0-EE65CA986873}.Debug|Any CPU.ActiveCfg = Debug|Any CPU
		{CE0CCEE7-E45A-45B2-B2E0-EE65CA986873}.Debug|Any CPU.Build.0 = Debug|Any CPU
		{CE0CCEE7-E45A-45B2-B2E0-EE65CA986873}.Release|Any CPU.ActiveCfg = Release|Any CPU
		{CE0CCEE7-E45A-45B2-B2E0-EE65CA986873}.Release|Any CPU.Build.0 = Release|Any CPU
	EndGlobalSection
	GlobalSection(SolutionProperties) = preSolution
		HideSolutionNode = FALSE
	EndGlobalSection
	GlobalSection(NestedProjects) = preSolution
		{9AAB73BB-47B5-400C-98A5-C9899B2EAD4C} = {4845DECB-A618-4EAE-A8A6-4F0AEBC2DE3B}
		{984EBD17-959E-4383-9F6A-46A736BB99CA} = {9E576324-96E4-4582-B5DB-00B0F77D18CB}
		{E9A8E3EA-2320-45CB-8948-1F2D6F6BF9E7} = {4845DECB-A618-4EAE-A8A6-4F0AEBC2DE3B}
		{8AD02380-06D8-4CC0-B9FC-FAA985A2CE7F} = {4845DECB-A618-4EAE-A8A6-4F0AEBC2DE3B}
		{DD800469-A354-419D-9034-775AD5897AF8} = {4845DECB-A618-4EAE-A8A6-4F0AEBC2DE3B}
		{74FB279B-4DBD-43F9-82B3-3BDCEBF7F590} = {B684F41D-5064-4DAB-AFFB-B8EC0028E372}
		{E1FD553D-9D2C-4DCA-BD3B-4A261CB57FDF} = {B684F41D-5064-4DAB-AFFB-B8EC0028E372}
		{CAF743CF-A061-4B51-91FF-4253596B91E5} = {05B79C3B-E1CD-4A38-A21E-9127CAB0B636}
		{7C519EF0-58FE-4313-870D-E3ABD41F629D} = {05B79C3B-E1CD-4A38-A21E-9127CAB0B636}
		{406DBFC9-A5F9-4A89-87CE-A0334A2CFE47} = {B684F41D-5064-4DAB-AFFB-B8EC0028E372}
		{DFD4D355-AD02-4F14-9D44-94C138895598} = {B684F41D-5064-4DAB-AFFB-B8EC0028E372}
		{929F9015-E4A3-4284-88D7-7F1733A8F69B} = {9E576324-96E4-4582-B5DB-00B0F77D18CB}
		{CE0CCEE7-E45A-45B2-B2E0-EE65CA986873} = {539AB1D8-B007-4CB6-8355-918D498486E2}
	EndGlobalSection
	GlobalSection(ExtensibilityGlobals) = postSolution
		SolutionGuid = {2FA36A0A-CA20-41CF-9BC2-FA6545720009}
	EndGlobalSection
EndGlobal
