
Microsoft Visual Studio Solution File, Format Version 12.00
# Visual Studio Version 16
VisualStudioVersion = 16.0.29123.88
MinimumVisualStudioVersion = 10.0.40219.1
Project("{2150E333-8FDC-42A3-9474-1A3956D46DE8}") = "Apis", "Apis", "{3BDB610C-EA03-4E2A-8602-E9CA09367696}"
EndProject
Project("{2150E333-8FDC-42A3-9474-1A3956D46DE8}") = "Models", "Models", "{C83A174D-0E21-4C2E-8AF6-49653B5E006F}"
EndProject
Project("{2150E333-8FDC-42A3-9474-1A3956D46DE8}") = "Services", "Services", "{BA6EE232-89F1-4750-80FA-3403EA194404}"
EndProject
Project("{2150E333-8FDC-42A3-9474-1A3956D46DE8}") = "Tests", "Tests", "{64124E65-4FCD-4DA0-9FE3-2B266A5C6F8C}"
EndProject
Project("{2150E333-8FDC-42A3-9474-1A3956D46DE8}") = "Apis", "Apis", "{5D996D61-D1B6-4289-A118-9677F34A7F5C}"
EndProject
Project("{2150E333-8FDC-42A3-9474-1A3956D46DE8}") = "Services", "Services", "{5D1F85D8-AC66-4439-B9A6-25E85B7B1965}"
EndProject
Project("{9A19103F-16F7-4668-BE54-9A1E7A4F7556}") = "CalculateFunding.Services.Core", "CalculateFunding.Services.Core\CalculateFunding.Services.Core.csproj", "{B67089F8-FA3A-465E-ADA8-616A02419D8A}"
EndProject
Project("{9A19103F-16F7-4668-BE54-9A1E7A4F7556}") = "CalculateFunding.Models.Search", "CalculateFunding.Models.Search\CalculateFunding.Models.Search.csproj", "{ACE19F6D-0D10-4150-BECC-266A2E2FF25A}"
EndProject
Project("{9A19103F-16F7-4668-BE54-9A1E7A4F7556}") = "CalculateFunding.Models.Versioning", "CalculateFunding.Models.Versioning\CalculateFunding.Models.Versioning.csproj", "{84CC05C0-0E0C-493A-8915-65F9DF6B0977}"
EndProject
Project("{9A19103F-16F7-4668-BE54-9A1E7A4F7556}") = "CalculateFunding.Tests.Common", "CalculateFunding.Tests.Common\CalculateFunding.Tests.Common.csproj", "{5BE612F0-8A32-4818-A713-FEF250D0F41E}"
EndProject
Project("{2150E333-8FDC-42A3-9474-1A3956D46DE8}") = "Functions", "Functions", "{8BBEBAF3-268B-45FB-AA00-867AE7C1A876}"
EndProject
Project("{2150E333-8FDC-42A3-9474-1A3956D46DE8}") = "Functions", "Functions", "{0B204149-2DDF-4811-8EBF-BF3AF6381A5E}"
EndProject
Project("{2150E333-8FDC-42A3-9474-1A3956D46DE8}") = "Repositories", "Repositories", "{3FBD66A3-06DC-4E38-A8B8-EF1E95ED50CE}"
EndProject
Project("{9A19103F-16F7-4668-BE54-9A1E7A4F7556}") = "CalculateFunding.Repositories.Common.Search", "CalculateFunding.Repositories.Common.Search\CalculateFunding.Repositories.Common.Search.csproj", "{69DECF22-03A9-4E26-A19C-5DA2AC163A5C}"
EndProject
Project("{9A19103F-16F7-4668-BE54-9A1E7A4F7556}") = "CalculateFunding.Services.CodeGeneration.VisualBasic", "CalculateFunding.Services.CodeGeneration.VisualBasic\CalculateFunding.Services.CodeGeneration.VisualBasic.csproj", "{DE1A0D6B-776E-44F0-B5AF-3611C53A0AAC}"
EndProject
Project("{9A19103F-16F7-4668-BE54-9A1E7A4F7556}") = "CalculateFunding.Services.Compiler", "CalculateFunding.Services.Compiler\CalculateFunding.Services.Compiler.csproj", "{CD6814BF-B153-4C4D-9606-83C1781772D9}"
EndProject
Project("{9A19103F-16F7-4668-BE54-9A1E7A4F7556}") = "CalculateFunding.Api.Specs", "CalculateFunding.Api.Specs\CalculateFunding.Api.Specs.csproj", "{3A2A4104-DE62-4183-AD1D-7C76F8334C4B}"
EndProject
Project("{9A19103F-16F7-4668-BE54-9A1E7A4F7556}") = "CalculateFunding.Functions.Specs", "CalculateFunding.Functions.Specs\CalculateFunding.Functions.Specs.csproj", "{65545E53-DAC3-433F-8C04-34109302F040}"
EndProject
Project("{9A19103F-16F7-4668-BE54-9A1E7A4F7556}") = "CalculateFunding.Models.Specs", "CalculateFunding.Models.Specs\CalculateFunding.Models.Specs.csproj", "{85036851-8100-469C-97B0-63959CD8700D}"
EndProject
Project("{9A19103F-16F7-4668-BE54-9A1E7A4F7556}") = "CalculateFunding.Services.Specs", "CalculateFunding.Services.Specs\CalculateFunding.Services.Specs.csproj", "{DDD00868-0FBF-4216-B063-BBAED4AB8637}"
EndProject
Project("{9A19103F-16F7-4668-BE54-9A1E7A4F7556}") = "CalculateFunding.Models.Messages", "CalculateFunding.Models.Messages\CalculateFunding.Models.Messages.csproj", "{9A063706-128D-436F-9134-C1F1ACFC7C67}"
EndProject
Project("{9A19103F-16F7-4668-BE54-9A1E7A4F7556}") = "CalculateFunding.Models.ProviderLegacy", "CalculateFunding.Models.ProviderLegacy\CalculateFunding.Models.ProviderLegacy.csproj", "{41CDAA21-0B93-4838-B217-5CC7C50976EA}"
EndProject
Project("{9A19103F-16F7-4668-BE54-9A1E7A4F7556}") = "CalculateFunding.Api.Specs.UnitTests", "CalculateFunding.Api.Specs.UnitTests\CalculateFunding.Api.Specs.UnitTests.csproj", "{997DA4BB-A5E2-45D7-86DC-12F0FD2124F0}"
EndProject
Project("{9A19103F-16F7-4668-BE54-9A1E7A4F7556}") = "CalculateFunding.Functions.Specs.UnitTests", "CalculateFunding.Functions.Specs.UnitTests\CalculateFunding.Functions.Specs.UnitTests.csproj", "{6D1E8F95-D3BC-47D0-9D35-7E21DC6757AE}"
EndProject
Project("{9A19103F-16F7-4668-BE54-9A1E7A4F7556}") = "CalculateFunding.Services.Specs.UnitTests", "CalculateFunding.Services.Specs.UnitTests\CalculateFunding.Services.Specs.UnitTests.csproj", "{3137BD9C-2C40-46C3-94D8-5B18F4F1670F}"
EndProject
Project("{9A19103F-16F7-4668-BE54-9A1E7A4F7556}") = "CalculateFunding.Services.Core.AspNet", "CalculateFunding.Services.Core.AspNet\CalculateFunding.Services.Core.AspNet.csproj", "{33D3AB81-9B06-4EBA-B73B-F4B89D2FED7C}"
EndProject
Global
	GlobalSection(SolutionConfigurationPlatforms) = preSolution
		Debug|Any CPU = Debug|Any CPU
		Release|Any CPU = Release|Any CPU
	EndGlobalSection
	GlobalSection(ProjectConfigurationPlatforms) = postSolution
		{B67089F8-FA3A-465E-ADA8-616A02419D8A}.Debug|Any CPU.ActiveCfg = Debug|Any CPU
		{B67089F8-FA3A-465E-ADA8-616A02419D8A}.Debug|Any CPU.Build.0 = Debug|Any CPU
		{B67089F8-FA3A-465E-ADA8-616A02419D8A}.Release|Any CPU.ActiveCfg = Release|Any CPU
		{B67089F8-FA3A-465E-ADA8-616A02419D8A}.Release|Any CPU.Build.0 = Release|Any CPU
		{ACE19F6D-0D10-4150-BECC-266A2E2FF25A}.Debug|Any CPU.ActiveCfg = Debug|Any CPU
		{ACE19F6D-0D10-4150-BECC-266A2E2FF25A}.Debug|Any CPU.Build.0 = Debug|Any CPU
		{ACE19F6D-0D10-4150-BECC-266A2E2FF25A}.Release|Any CPU.ActiveCfg = Release|Any CPU
		{ACE19F6D-0D10-4150-BECC-266A2E2FF25A}.Release|Any CPU.Build.0 = Release|Any CPU
		{84CC05C0-0E0C-493A-8915-65F9DF6B0977}.Debug|Any CPU.ActiveCfg = Debug|Any CPU
		{84CC05C0-0E0C-493A-8915-65F9DF6B0977}.Debug|Any CPU.Build.0 = Debug|Any CPU
		{84CC05C0-0E0C-493A-8915-65F9DF6B0977}.Release|Any CPU.ActiveCfg = Release|Any CPU
		{84CC05C0-0E0C-493A-8915-65F9DF6B0977}.Release|Any CPU.Build.0 = Release|Any CPU
		{5BE612F0-8A32-4818-A713-FEF250D0F41E}.Debug|Any CPU.ActiveCfg = Debug|Any CPU
		{5BE612F0-8A32-4818-A713-FEF250D0F41E}.Debug|Any CPU.Build.0 = Debug|Any CPU
		{5BE612F0-8A32-4818-A713-FEF250D0F41E}.Release|Any CPU.ActiveCfg = Release|Any CPU
		{5BE612F0-8A32-4818-A713-FEF250D0F41E}.Release|Any CPU.Build.0 = Release|Any CPU
		{69DECF22-03A9-4E26-A19C-5DA2AC163A5C}.Debug|Any CPU.ActiveCfg = Debug|Any CPU
		{69DECF22-03A9-4E26-A19C-5DA2AC163A5C}.Debug|Any CPU.Build.0 = Debug|Any CPU
		{69DECF22-03A9-4E26-A19C-5DA2AC163A5C}.Release|Any CPU.ActiveCfg = Release|Any CPU
		{69DECF22-03A9-4E26-A19C-5DA2AC163A5C}.Release|Any CPU.Build.0 = Release|Any CPU
		{DE1A0D6B-776E-44F0-B5AF-3611C53A0AAC}.Debug|Any CPU.ActiveCfg = Debug|Any CPU
		{DE1A0D6B-776E-44F0-B5AF-3611C53A0AAC}.Debug|Any CPU.Build.0 = Debug|Any CPU
		{DE1A0D6B-776E-44F0-B5AF-3611C53A0AAC}.Release|Any CPU.ActiveCfg = Release|Any CPU
		{DE1A0D6B-776E-44F0-B5AF-3611C53A0AAC}.Release|Any CPU.Build.0 = Release|Any CPU
		{CD6814BF-B153-4C4D-9606-83C1781772D9}.Debug|Any CPU.ActiveCfg = Debug|Any CPU
		{CD6814BF-B153-4C4D-9606-83C1781772D9}.Debug|Any CPU.Build.0 = Debug|Any CPU
		{CD6814BF-B153-4C4D-9606-83C1781772D9}.Release|Any CPU.ActiveCfg = Release|Any CPU
		{CD6814BF-B153-4C4D-9606-83C1781772D9}.Release|Any CPU.Build.0 = Release|Any CPU
		{3A2A4104-DE62-4183-AD1D-7C76F8334C4B}.Debug|Any CPU.ActiveCfg = Debug|Any CPU
		{3A2A4104-DE62-4183-AD1D-7C76F8334C4B}.Debug|Any CPU.Build.0 = Debug|Any CPU
		{3A2A4104-DE62-4183-AD1D-7C76F8334C4B}.Release|Any CPU.ActiveCfg = Release|Any CPU
		{3A2A4104-DE62-4183-AD1D-7C76F8334C4B}.Release|Any CPU.Build.0 = Release|Any CPU
		{65545E53-DAC3-433F-8C04-34109302F040}.Debug|Any CPU.ActiveCfg = Debug|Any CPU
		{65545E53-DAC3-433F-8C04-34109302F040}.Debug|Any CPU.Build.0 = Debug|Any CPU
		{65545E53-DAC3-433F-8C04-34109302F040}.Release|Any CPU.ActiveCfg = Release|Any CPU
		{65545E53-DAC3-433F-8C04-34109302F040}.Release|Any CPU.Build.0 = Release|Any CPU
		{85036851-8100-469C-97B0-63959CD8700D}.Debug|Any CPU.ActiveCfg = Debug|Any CPU
		{85036851-8100-469C-97B0-63959CD8700D}.Debug|Any CPU.Build.0 = Debug|Any CPU
		{85036851-8100-469C-97B0-63959CD8700D}.Release|Any CPU.ActiveCfg = Release|Any CPU
		{85036851-8100-469C-97B0-63959CD8700D}.Release|Any CPU.Build.0 = Release|Any CPU
		{DDD00868-0FBF-4216-B063-BBAED4AB8637}.Debug|Any CPU.ActiveCfg = Debug|Any CPU
		{DDD00868-0FBF-4216-B063-BBAED4AB8637}.Debug|Any CPU.Build.0 = Debug|Any CPU
		{DDD00868-0FBF-4216-B063-BBAED4AB8637}.Release|Any CPU.ActiveCfg = Release|Any CPU
		{DDD00868-0FBF-4216-B063-BBAED4AB8637}.Release|Any CPU.Build.0 = Release|Any CPU
		{9A063706-128D-436F-9134-C1F1ACFC7C67}.Debug|Any CPU.ActiveCfg = Debug|Any CPU
		{9A063706-128D-436F-9134-C1F1ACFC7C67}.Debug|Any CPU.Build.0 = Debug|Any CPU
		{9A063706-128D-436F-9134-C1F1ACFC7C67}.Release|Any CPU.ActiveCfg = Release|Any CPU
		{9A063706-128D-436F-9134-C1F1ACFC7C67}.Release|Any CPU.Build.0 = Release|Any CPU
		{41CDAA21-0B93-4838-B217-5CC7C50976EA}.Debug|Any CPU.ActiveCfg = Debug|Any CPU
		{41CDAA21-0B93-4838-B217-5CC7C50976EA}.Debug|Any CPU.Build.0 = Debug|Any CPU
		{41CDAA21-0B93-4838-B217-5CC7C50976EA}.Release|Any CPU.ActiveCfg = Release|Any CPU
		{41CDAA21-0B93-4838-B217-5CC7C50976EA}.Release|Any CPU.Build.0 = Release|Any CPU
		{997DA4BB-A5E2-45D7-86DC-12F0FD2124F0}.Debug|Any CPU.ActiveCfg = Debug|Any CPU
		{997DA4BB-A5E2-45D7-86DC-12F0FD2124F0}.Debug|Any CPU.Build.0 = Debug|Any CPU
		{997DA4BB-A5E2-45D7-86DC-12F0FD2124F0}.Release|Any CPU.ActiveCfg = Release|Any CPU
		{997DA4BB-A5E2-45D7-86DC-12F0FD2124F0}.Release|Any CPU.Build.0 = Release|Any CPU
		{6D1E8F95-D3BC-47D0-9D35-7E21DC6757AE}.Debug|Any CPU.ActiveCfg = Debug|Any CPU
		{6D1E8F95-D3BC-47D0-9D35-7E21DC6757AE}.Debug|Any CPU.Build.0 = Debug|Any CPU
		{6D1E8F95-D3BC-47D0-9D35-7E21DC6757AE}.Release|Any CPU.ActiveCfg = Release|Any CPU
		{6D1E8F95-D3BC-47D0-9D35-7E21DC6757AE}.Release|Any CPU.Build.0 = Release|Any CPU
		{3137BD9C-2C40-46C3-94D8-5B18F4F1670F}.Debug|Any CPU.ActiveCfg = Debug|Any CPU
		{3137BD9C-2C40-46C3-94D8-5B18F4F1670F}.Debug|Any CPU.Build.0 = Debug|Any CPU
		{3137BD9C-2C40-46C3-94D8-5B18F4F1670F}.Release|Any CPU.ActiveCfg = Release|Any CPU
		{3137BD9C-2C40-46C3-94D8-5B18F4F1670F}.Release|Any CPU.Build.0 = Release|Any CPU
		{33D3AB81-9B06-4EBA-B73B-F4B89D2FED7C}.Debug|Any CPU.ActiveCfg = Debug|Any CPU
		{33D3AB81-9B06-4EBA-B73B-F4B89D2FED7C}.Debug|Any CPU.Build.0 = Debug|Any CPU
		{33D3AB81-9B06-4EBA-B73B-F4B89D2FED7C}.Release|Any CPU.ActiveCfg = Release|Any CPU
		{33D3AB81-9B06-4EBA-B73B-F4B89D2FED7C}.Release|Any CPU.Build.0 = Release|Any CPU
	EndGlobalSection
	GlobalSection(SolutionProperties) = preSolution
		HideSolutionNode = FALSE
	EndGlobalSection
	GlobalSection(NestedProjects) = preSolution
		{5D996D61-D1B6-4289-A118-9677F34A7F5C} = {64124E65-4FCD-4DA0-9FE3-2B266A5C6F8C}
		{5D1F85D8-AC66-4439-B9A6-25E85B7B1965} = {64124E65-4FCD-4DA0-9FE3-2B266A5C6F8C}
		{B67089F8-FA3A-465E-ADA8-616A02419D8A} = {BA6EE232-89F1-4750-80FA-3403EA194404}
		{ACE19F6D-0D10-4150-BECC-266A2E2FF25A} = {C83A174D-0E21-4C2E-8AF6-49653B5E006F}
		{84CC05C0-0E0C-493A-8915-65F9DF6B0977} = {C83A174D-0E21-4C2E-8AF6-49653B5E006F}
		{5BE612F0-8A32-4818-A713-FEF250D0F41E} = {64124E65-4FCD-4DA0-9FE3-2B266A5C6F8C}
		{0B204149-2DDF-4811-8EBF-BF3AF6381A5E} = {64124E65-4FCD-4DA0-9FE3-2B266A5C6F8C}
		{69DECF22-03A9-4E26-A19C-5DA2AC163A5C} = {3FBD66A3-06DC-4E38-A8B8-EF1E95ED50CE}
		{DE1A0D6B-776E-44F0-B5AF-3611C53A0AAC} = {BA6EE232-89F1-4750-80FA-3403EA194404}
		{CD6814BF-B153-4C4D-9606-83C1781772D9} = {BA6EE232-89F1-4750-80FA-3403EA194404}
		{3A2A4104-DE62-4183-AD1D-7C76F8334C4B} = {3BDB610C-EA03-4E2A-8602-E9CA09367696}
		{65545E53-DAC3-433F-8C04-34109302F040} = {8BBEBAF3-268B-45FB-AA00-867AE7C1A876}
		{85036851-8100-469C-97B0-63959CD8700D} = {C83A174D-0E21-4C2E-8AF6-49653B5E006F}
		{DDD00868-0FBF-4216-B063-BBAED4AB8637} = {BA6EE232-89F1-4750-80FA-3403EA194404}
		{9A063706-128D-436F-9134-C1F1ACFC7C67} = {C83A174D-0E21-4C2E-8AF6-49653B5E006F}
		{41CDAA21-0B93-4838-B217-5CC7C50976EA} = {C83A174D-0E21-4C2E-8AF6-49653B5E006F}
		{997DA4BB-A5E2-45D7-86DC-12F0FD2124F0} = {5D996D61-D1B6-4289-A118-9677F34A7F5C}
		{6D1E8F95-D3BC-47D0-9D35-7E21DC6757AE} = {0B204149-2DDF-4811-8EBF-BF3AF6381A5E}
		{3137BD9C-2C40-46C3-94D8-5B18F4F1670F} = {5D1F85D8-AC66-4439-B9A6-25E85B7B1965}
		{33D3AB81-9B06-4EBA-B73B-F4B89D2FED7C} = {BA6EE232-89F1-4750-80FA-3403EA194404}
	EndGlobalSection
	GlobalSection(ExtensibilityGlobals) = postSolution
		SolutionGuid = {4022B40E-A4CC-42F4-8CD1-1A493F405714}
	EndGlobalSection
EndGlobal
