
Microsoft Visual Studio Solution File, Format Version 12.00
# Visual Studio Version 16
VisualStudioVersion = 16.0.29123.88
MinimumVisualStudioVersion = 10.0.40219.1
Project("{2150E333-8FDC-42A3-9474-1A3956D46DE8}") = "Apis", "Apis", "{3BDB610C-EA03-4E2A-8602-E9CA09367696}"
EndProject
Project("{2150E333-8FDC-42A3-9474-1A3956D46DE8}") = "Models", "Models", "{C83A174D-0E21-4C2E-8AF6-49653B5E006F}"
EndProject
Project("{2150E333-8FDC-42A3-9474-1A3956D46DE8}") = "Services", "Services", "{BA6EE232-89F1-4750-80FA-3403EA194404}"
EndProject
Project("{2150E333-8FDC-42A3-9474-1A3956D46DE8}") = "Tests", "Tests", "{64124E65-4FCD-4DA0-9FE3-2B266A5C6F8C}"
EndProject
Project("{2150E333-8FDC-42A3-9474-1A3956D46DE8}") = "Apis", "Apis", "{5D996D61-D1B6-4289-A118-9677F34A7F5C}"
EndProject
Project("{2150E333-8FDC-42A3-9474-1A3956D46DE8}") = "Services", "Services", "{5D1F85D8-AC66-4439-B9A6-25E85B7B1965}"
EndProject
Project("{9A19103F-16F7-4668-BE54-9A1E7A4F7556}") = "CalculateFunding.Services.Core", "CalculateFunding.Services.Core\CalculateFunding.Services.Core.csproj", "{B67089F8-FA3A-465E-ADA8-616A02419D8A}"
EndProject
Project("{9A19103F-16F7-4668-BE54-9A1E7A4F7556}") = "CalculateFunding.Models.Search", "CalculateFunding.Models.Search\CalculateFunding.Models.Search.csproj", "{ACE19F6D-0D10-4150-BECC-266A2E2FF25A}"
EndProject
Project("{9A19103F-16F7-4668-BE54-9A1E7A4F7556}") = "CalculateFunding.Models.Versioning", "CalculateFunding.Models.Versioning\CalculateFunding.Models.Versioning.csproj", "{84CC05C0-0E0C-493A-8915-65F9DF6B0977}"
EndProject
Project("{9A19103F-16F7-4668-BE54-9A1E7A4F7556}") = "CalculateFunding.Tests.Common", "CalculateFunding.Tests.Common\CalculateFunding.Tests.Common.csproj", "{5BE612F0-8A32-4818-A713-FEF250D0F41E}"
EndProject
Project("{2150E333-8FDC-42A3-9474-1A3956D46DE8}") = "Functions", "Functions", "{8BBEBAF3-268B-45FB-AA00-867AE7C1A876}"
EndProject
Project("{2150E333-8FDC-42A3-9474-1A3956D46DE8}") = "Functions", "Functions", "{0B204149-2DDF-4811-8EBF-BF3AF6381A5E}"
EndProject
Project("{2150E333-8FDC-42A3-9474-1A3956D46DE8}") = "Repositories", "Repositories", "{3FBD66A3-06DC-4E38-A8B8-EF1E95ED50CE}"
EndProject
Project("{9A19103F-16F7-4668-BE54-9A1E7A4F7556}") = "CalculateFunding.Repositories.Common.Search", "CalculateFunding.Repositories.Common.Search\CalculateFunding.Repositories.Common.Search.csproj", "{69DECF22-03A9-4E26-A19C-5DA2AC163A5C}"
EndProject
Project("{9A19103F-16F7-4668-BE54-9A1E7A4F7556}") = "CalculateFunding.Models.Messages", "CalculateFunding.Models.Messages\CalculateFunding.Models.Messages.csproj", "{9A063706-128D-436F-9134-C1F1ACFC7C67}"
EndProject
Project("{9A19103F-16F7-4668-BE54-9A1E7A4F7556}") = "CalculateFunding.Api.TestEngine", "CalculateFunding.Api.TestEngine\CalculateFunding.Api.TestEngine.csproj", "{3D1E9256-FA60-408E-BDA3-8FD225BC5F22}"
EndProject
Project("{9A19103F-16F7-4668-BE54-9A1E7A4F7556}") = "CalculateFunding.Functions.TestEngine", "CalculateFunding.Functions.TestEngine\CalculateFunding.Functions.TestEngine.csproj", "{B95DCB93-8A5C-4B44-9A0B-B2BB205C3D10}"
EndProject
Project("{9A19103F-16F7-4668-BE54-9A1E7A4F7556}") = "CalculateFunding.Services.TestEngine", "CalculateFunding.Services.TestEngine\CalculateFunding.Services.TestEngine.csproj", "{CBD7D2F0-60DC-48F8-89DB-657F327659A3}"
EndProject
Project("{9A19103F-16F7-4668-BE54-9A1E7A4F7556}") = "CalculateFunding.Services.CodeMetadataGenerator", "CalculateFunding.Services.CodeMetadataGenerator\CalculateFunding.Services.CodeMetadataGenerator.csproj", "{2DB70133-CDB0-4F6B-8AC9-9B361B7B6FDF}"
EndProject
Project("{9A19103F-16F7-4668-BE54-9A1E7A4F7556}") = "CalculateFunding.Api.TestEngine.UnitTests", "CalculateFunding.Api.TestEngine.UnitTests\CalculateFunding.Api.TestEngine.UnitTests.csproj", "{B3299AB9-470B-4A1A-A2FB-6C7F40901758}"
EndProject
Project("{9A19103F-16F7-4668-BE54-9A1E7A4F7556}") = "CalculateFunding.Functions.TestEngine.UnitTests", "CalculateFunding.Functions.TestEngine.UnitTests\CalculateFunding.Functions.TestEngine.UnitTests.csproj", "{224C8E7D-7CD4-4515-B009-493C5CFD55D2}"
EndProject
Project("{9A19103F-16F7-4668-BE54-9A1E7A4F7556}") = "CalculateFunding.Services.TestEngine.UnitTests", "CalculateFunding.Services.TestEngine.UnitTests\CalculateFunding.Services.TestEngine.UnitTests.csproj", "{56AD0EDF-79BC-408D-8A3D-016B17F76531}"
EndProject
Project("{9A19103F-16F7-4668-BE54-9A1E7A4F7556}") = "CalculateFunding.Services.Core.AspNet", "CalculateFunding.Services.Core.AspNet\CalculateFunding.Services.Core.AspNet.csproj", "{C07A528B-DE64-4310-A222-7BFA63FE41A3}"
EndProject
Global
	GlobalSection(SolutionConfigurationPlatforms) = preSolution
		Debug|Any CPU = Debug|Any CPU
		Release|Any CPU = Release|Any CPU
	EndGlobalSection
	GlobalSection(ProjectConfigurationPlatforms) = postSolution
		{B67089F8-FA3A-465E-ADA8-616A02419D8A}.Debug|Any CPU.ActiveCfg = Debug|Any CPU
		{B67089F8-FA3A-465E-ADA8-616A02419D8A}.Debug|Any CPU.Build.0 = Debug|Any CPU
		{B67089F8-FA3A-465E-ADA8-616A02419D8A}.Release|Any CPU.ActiveCfg = Release|Any CPU
		{B67089F8-FA3A-465E-ADA8-616A02419D8A}.Release|Any CPU.Build.0 = Release|Any CPU
		{ACE19F6D-0D10-4150-BECC-266A2E2FF25A}.Debug|Any CPU.ActiveCfg = Debug|Any CPU
		{ACE19F6D-0D10-4150-BECC-266A2E2FF25A}.Debug|Any CPU.Build.0 = Debug|Any CPU
		{ACE19F6D-0D10-4150-BECC-266A2E2FF25A}.Release|Any CPU.ActiveCfg = Release|Any CPU
		{ACE19F6D-0D10-4150-BECC-266A2E2FF25A}.Release|Any CPU.Build.0 = Release|Any CPU
		{84CC05C0-0E0C-493A-8915-65F9DF6B0977}.Debug|Any CPU.ActiveCfg = Debug|Any CPU
		{84CC05C0-0E0C-493A-8915-65F9DF6B0977}.Debug|Any CPU.Build.0 = Debug|Any CPU
		{84CC05C0-0E0C-493A-8915-65F9DF6B0977}.Release|Any CPU.ActiveCfg = Release|Any CPU
		{84CC05C0-0E0C-493A-8915-65F9DF6B0977}.Release|Any CPU.Build.0 = Release|Any CPU
		{5BE612F0-8A32-4818-A713-FEF250D0F41E}.Debug|Any CPU.ActiveCfg = Debug|Any CPU
		{5BE612F0-8A32-4818-A713-FEF250D0F41E}.Debug|Any CPU.Build.0 = Debug|Any CPU
		{5BE612F0-8A32-4818-A713-FEF250D0F41E}.Release|Any CPU.ActiveCfg = Release|Any CPU
		{5BE612F0-8A32-4818-A713-FEF250D0F41E}.Release|Any CPU.Build.0 = Release|Any CPU
		{69DECF22-03A9-4E26-A19C-5DA2AC163A5C}.Debug|Any CPU.ActiveCfg = Debug|Any CPU
		{69DECF22-03A9-4E26-A19C-5DA2AC163A5C}.Debug|Any CPU.Build.0 = Debug|Any CPU
		{69DECF22-03A9-4E26-A19C-5DA2AC163A5C}.Release|Any CPU.ActiveCfg = Release|Any CPU
		{69DECF22-03A9-4E26-A19C-5DA2AC163A5C}.Release|Any CPU.Build.0 = Release|Any CPU
		{9A063706-128D-436F-9134-C1F1ACFC7C67}.Debug|Any CPU.ActiveCfg = Debug|Any CPU
		{9A063706-128D-436F-9134-C1F1ACFC7C67}.Debug|Any CPU.Build.0 = Debug|Any CPU
		{9A063706-128D-436F-9134-C1F1ACFC7C67}.Release|Any CPU.ActiveCfg = Release|Any CPU
		{9A063706-128D-436F-9134-C1F1ACFC7C67}.Release|Any CPU.Build.0 = Release|Any CPU
		{3D1E9256-FA60-408E-BDA3-8FD225BC5F22}.Debug|Any CPU.ActiveCfg = Debug|Any CPU
		{3D1E9256-FA60-408E-BDA3-8FD225BC5F22}.Debug|Any CPU.Build.0 = Debug|Any CPU
		{3D1E9256-FA60-408E-BDA3-8FD225BC5F22}.Release|Any CPU.ActiveCfg = Release|Any CPU
		{3D1E9256-FA60-408E-BDA3-8FD225BC5F22}.Release|Any CPU.Build.0 = Release|Any CPU
		{B95DCB93-8A5C-4B44-9A0B-B2BB205C3D10}.Debug|Any CPU.ActiveCfg = Debug|Any CPU
		{B95DCB93-8A5C-4B44-9A0B-B2BB205C3D10}.Debug|Any CPU.Build.0 = Debug|Any CPU
		{B95DCB93-8A5C-4B44-9A0B-B2BB205C3D10}.Release|Any CPU.ActiveCfg = Release|Any CPU
		{B95DCB93-8A5C-4B44-9A0B-B2BB205C3D10}.Release|Any CPU.Build.0 = Release|Any CPU
		{CBD7D2F0-60DC-48F8-89DB-657F327659A3}.Debug|Any CPU.ActiveCfg = Debug|Any CPU
		{CBD7D2F0-60DC-48F8-89DB-657F327659A3}.Debug|Any CPU.Build.0 = Debug|Any CPU
		{CBD7D2F0-60DC-48F8-89DB-657F327659A3}.Release|Any CPU.ActiveCfg = Release|Any CPU
		{CBD7D2F0-60DC-48F8-89DB-657F327659A3}.Release|Any CPU.Build.0 = Release|Any CPU
		{2DB70133-CDB0-4F6B-8AC9-9B361B7B6FDF}.Debug|Any CPU.ActiveCfg = Debug|Any CPU
		{2DB70133-CDB0-4F6B-8AC9-9B361B7B6FDF}.Debug|Any CPU.Build.0 = Debug|Any CPU
		{2DB70133-CDB0-4F6B-8AC9-9B361B7B6FDF}.Release|Any CPU.ActiveCfg = Release|Any CPU
		{2DB70133-CDB0-4F6B-8AC9-9B361B7B6FDF}.Release|Any CPU.Build.0 = Release|Any CPU
		{B3299AB9-470B-4A1A-A2FB-6C7F40901758}.Debug|Any CPU.ActiveCfg = Debug|Any CPU
		{B3299AB9-470B-4A1A-A2FB-6C7F40901758}.Debug|Any CPU.Build.0 = Debug|Any CPU
		{B3299AB9-470B-4A1A-A2FB-6C7F40901758}.Release|Any CPU.ActiveCfg = Release|Any CPU
		{B3299AB9-470B-4A1A-A2FB-6C7F40901758}.Release|Any CPU.Build.0 = Release|Any CPU
		{224C8E7D-7CD4-4515-B009-493C5CFD55D2}.Debug|Any CPU.ActiveCfg = Debug|Any CPU
		{224C8E7D-7CD4-4515-B009-493C5CFD55D2}.Debug|Any CPU.Build.0 = Debug|Any CPU
		{224C8E7D-7CD4-4515-B009-493C5CFD55D2}.Release|Any CPU.ActiveCfg = Release|Any CPU
		{224C8E7D-7CD4-4515-B009-493C5CFD55D2}.Release|Any CPU.Build.0 = Release|Any CPU
		{56AD0EDF-79BC-408D-8A3D-016B17F76531}.Debug|Any CPU.ActiveCfg = Debug|Any CPU
		{56AD0EDF-79BC-408D-8A3D-016B17F76531}.Debug|Any CPU.Build.0 = Debug|Any CPU
		{56AD0EDF-79BC-408D-8A3D-016B17F76531}.Release|Any CPU.ActiveCfg = Release|Any CPU
		{56AD0EDF-79BC-408D-8A3D-016B17F76531}.Release|Any CPU.Build.0 = Release|Any CPU
		{C07A528B-DE64-4310-A222-7BFA63FE41A3}.Debug|Any CPU.ActiveCfg = Debug|Any CPU
		{C07A528B-DE64-4310-A222-7BFA63FE41A3}.Debug|Any CPU.Build.0 = Debug|Any CPU
		{C07A528B-DE64-4310-A222-7BFA63FE41A3}.Release|Any CPU.ActiveCfg = Release|Any CPU
		{C07A528B-DE64-4310-A222-7BFA63FE41A3}.Release|Any CPU.Build.0 = Release|Any CPU
	EndGlobalSection
	GlobalSection(SolutionProperties) = preSolution
		HideSolutionNode = FALSE
	EndGlobalSection
	GlobalSection(NestedProjects) = preSolution
		{5D996D61-D1B6-4289-A118-9677F34A7F5C} = {64124E65-4FCD-4DA0-9FE3-2B266A5C6F8C}
		{5D1F85D8-AC66-4439-B9A6-25E85B7B1965} = {64124E65-4FCD-4DA0-9FE3-2B266A5C6F8C}
		{B67089F8-FA3A-465E-ADA8-616A02419D8A} = {BA6EE232-89F1-4750-80FA-3403EA194404}
		{ACE19F6D-0D10-4150-BECC-266A2E2FF25A} = {C83A174D-0E21-4C2E-8AF6-49653B5E006F}
		{84CC05C0-0E0C-493A-8915-65F9DF6B0977} = {C83A174D-0E21-4C2E-8AF6-49653B5E006F}
		{5BE612F0-8A32-4818-A713-FEF250D0F41E} = {64124E65-4FCD-4DA0-9FE3-2B266A5C6F8C}
		{0B204149-2DDF-4811-8EBF-BF3AF6381A5E} = {64124E65-4FCD-4DA0-9FE3-2B266A5C6F8C}
		{69DECF22-03A9-4E26-A19C-5DA2AC163A5C} = {3FBD66A3-06DC-4E38-A8B8-EF1E95ED50CE}
		{9A063706-128D-436F-9134-C1F1ACFC7C67} = {C83A174D-0E21-4C2E-8AF6-49653B5E006F}
		{3D1E9256-FA60-408E-BDA3-8FD225BC5F22} = {3BDB610C-EA03-4E2A-8602-E9CA09367696}
		{B95DCB93-8A5C-4B44-9A0B-B2BB205C3D10} = {8BBEBAF3-268B-45FB-AA00-867AE7C1A876}
		{CBD7D2F0-60DC-48F8-89DB-657F327659A3} = {BA6EE232-89F1-4750-80FA-3403EA194404}
		{2DB70133-CDB0-4F6B-8AC9-9B361B7B6FDF} = {BA6EE232-89F1-4750-80FA-3403EA194404}
		{B3299AB9-470B-4A1A-A2FB-6C7F40901758} = {5D996D61-D1B6-4289-A118-9677F34A7F5C}
		{224C8E7D-7CD4-4515-B009-493C5CFD55D2} = {0B204149-2DDF-4811-8EBF-BF3AF6381A5E}
		{56AD0EDF-79BC-408D-8A3D-016B17F76531} = {5D1F85D8-AC66-4439-B9A6-25E85B7B1965}
		{C07A528B-DE64-4310-A222-7BFA63FE41A3} = {BA6EE232-89F1-4750-80FA-3403EA194404}
	EndGlobalSection
	GlobalSection(ExtensibilityGlobals) = postSolution
		SolutionGuid = {4022B40E-A4CC-42F4-8CD1-1A493F405714}
	EndGlobalSection
EndGlobal
