
Microsoft Visual Studio Solution File, Format Version 12.00
# Visual Studio Version 16
VisualStudioVersion = 16.0.28803.352
MinimumVisualStudioVersion = 10.0.40219.1
Project("{9A19103F-16F7-4668-BE54-9A1E7A4F7556}") = "CalculateFunding.DebugAllocationModel", "CalculateFunding.DebugAllocationModel\CalculateFunding.DebugAllocationModel.csproj", "{CADCF8A2-8EA2-4347-AB95-0C0B813866F0}"
EndProject
Project("{9A19103F-16F7-4668-BE54-9A1E7A4F7556}") = "CalculateFunding.Services.CalcEngine", "..\CalculateFunding.Services.CalcEngine\CalculateFunding.Services.CalcEngine.csproj", "{F466CB7C-A775-460D-9377-9910203C10F3}"
EndProject
Project("{2150E333-8FDC-42A3-9474-1A3956D46DE8}") = "Services", "Services", "{FC243AF5-DB5D-4D2A-A954-0D28E46962B2}"
EndProject
Project("{9A19103F-16F7-4668-BE54-9A1E7A4F7556}") = "CalculateFunding.Services.Providers", "..\CalculateFunding.Services.Providers\CalculateFunding.Services.Providers.csproj", "{DEFA83FB-D59E-4D41-B048-4464F2BD0FE2}"
EndProject
Project("{778DAE3C-4631-46EA-AA77-85C1314464D9}") = "CalculateFunding", "CalculateFunding\CalculateFunding.vbproj", "{7C4017A7-2200-42EE-92ED-BB116EF9EDC8}"
EndProject
Global
	GlobalSection(SolutionConfigurationPlatforms) = preSolution
		Debug|Any CPU = Debug|Any CPU
		Release|Any CPU = Release|Any CPU
	EndGlobalSection
	GlobalSection(ProjectConfigurationPlatforms) = postSolution
		{CADCF8A2-8EA2-4347-AB95-0C0B813866F0}.Debug|Any CPU.ActiveCfg = Debug|Any CPU
		{CADCF8A2-8EA2-4347-AB95-0C0B813866F0}.Debug|Any CPU.Build.0 = Debug|Any CPU
		{CADCF8A2-8EA2-4347-AB95-0C0B813866F0}.Release|Any CPU.ActiveCfg = Release|Any CPU
		{CADCF8A2-8EA2-4347-AB95-0C0B813866F0}.Release|Any CPU.Build.0 = Release|Any CPU
		{F466CB7C-A775-460D-9377-9910203C10F3}.Debug|Any CPU.ActiveCfg = Debug|Any CPU
		{F466CB7C-A775-460D-9377-9910203C10F3}.Debug|Any CPU.Build.0 = Debug|Any CPU
		{F466CB7C-A775-460D-9377-9910203C10F3}.Release|Any CPU.ActiveCfg = Release|Any CPU
		{F466CB7C-A775-460D-9377-9910203C10F3}.Release|Any CPU.Build.0 = Release|Any CPU
		{DEFA83FB-D59E-4D41-B048-4464F2BD0FE2}.Debug|Any CPU.ActiveCfg = Debug|Any CPU
		{DEFA83FB-D59E-4D41-B048-4464F2BD0FE2}.Debug|Any CPU.Build.0 = Debug|Any CPU
		{DEFA83FB-D59E-4D41-B048-4464F2BD0FE2}.Release|Any CPU.ActiveCfg = Release|Any CPU
		{DEFA83FB-D59E-4D41-B048-4464F2BD0FE2}.Release|Any CPU.Build.0 = Release|Any CPU
		{7C4017A7-2200-42EE-92ED-BB116EF9EDC8}.Debug|Any CPU.ActiveCfg = Debug|Any CPU
		{7C4017A7-2200-42EE-92ED-BB116EF9EDC8}.Debug|Any CPU.Build.0 = Debug|Any CPU
		{7C4017A7-2200-42EE-92ED-BB116EF9EDC8}.Release|Any CPU.ActiveCfg = Release|Any CPU
		{7C4017A7-2200-42EE-92ED-BB116EF9EDC8}.Release|Any CPU.Build.0 = Release|Any CPU
	EndGlobalSection
	GlobalSection(SolutionProperties) = preSolution
		HideSolutionNode = FALSE
	EndGlobalSection
	GlobalSection(NestedProjects) = preSolution
		{F466CB7C-A775-460D-9377-9910203C10F3} = {FC243AF5-DB5D-4D2A-A954-0D28E46962B2}
		{DEFA83FB-D59E-4D41-B048-4464F2BD0FE2} = {FC243AF5-DB5D-4D2A-A954-0D28E46962B2}
	EndGlobalSection
	GlobalSection(ExtensibilityGlobals) = postSolution
		SolutionGuid = {164FA11F-5931-40F2-995A-44A267E995F5}
	EndGlobalSection
EndGlobal
